
Microsoft Visual Studio Solution File, Format Version 12.00
# Visual Studio Version 17
VisualStudioVersion = 17.4.33205.214
MinimumVisualStudioVersion = 10.0.40219.1
Project("{FAE04EC0-301F-11D3-BF4B-00C04F79EFBC}") = "BackendBagaque", "BackendBagaque.csproj", "{3B0C2BC7-F7EB-4F56-88A2-17319DB644BA}"
EndProject
Global
	GlobalSection(SolutionConfigurationPlatforms) = preSolution
		Debug|Any CPU = Debug|Any CPU
		Release|Any CPU = Release|Any CPU
	EndGlobalSection
	GlobalSection(ProjectConfigurationPlatforms) = postSolution
		{3B0C2BC7-F7EB-4F56-88A2-17319DB644BA}.Debug|Any CPU.ActiveCfg = Debug|Any CPU
		{3B0C2BC7-F7EB-4F56-88A2-17319DB644BA}.Debug|Any CPU.Build.0 = Debug|Any CPU
		{3B0C2BC7-F7EB-4F56-88A2-17319DB644BA}.Release|Any CPU.ActiveCfg = Release|Any CPU
		{3B0C2BC7-F7EB-4F56-88A2-17319DB644BA}.Release|Any CPU.Build.0 = Release|Any CPU
	EndGlobalSection
	GlobalSection(SolutionProperties) = preSolution
		HideSolutionNode = FALSE
	EndGlobalSection
	GlobalSection(ExtensibilityGlobals) = postSolution
		SolutionGuid = {43FBA841-3E06-4A74-8BD7-ECC2F53C767D}
	EndGlobalSection
EndGlobal
